// !$*UTF8*$!
{
	archiveVersion = 1;
	classes = {
	};
	objectVersion = 48;
	objects = {

/* Begin PBXBuildFile section */
		65CCFAB42014115400D0FD2A /* AppDelegate.swift in Sources */ = {isa = PBXBuildFile; fileRef = 65CCFAB32014115400D0FD2A /* AppDelegate.swift */; };
		65CCFAB62014115400D0FD2A /* MemeEditorViewController.swift in Sources */ = {isa = PBXBuildFile; fileRef = 65CCFAB52014115400D0FD2A /* MemeEditorViewController.swift */; };
		65CCFAB92014115400D0FD2A /* Main.storyboard in Resources */ = {isa = PBXBuildFile; fileRef = 65CCFAB72014115400D0FD2A /* Main.storyboard */; };
		65CCFABB2014115400D0FD2A /* Assets.xcassets in Resources */ = {isa = PBXBuildFile; fileRef = 65CCFABA2014115400D0FD2A /* Assets.xcassets */; };
		65CCFABE2014115400D0FD2A /* LaunchScreen.storyboard in Resources */ = {isa = PBXBuildFile; fileRef = 65CCFABC2014115400D0FD2A /* LaunchScreen.storyboard */; };
		65CCFAC92014115400D0FD2A /* MemeMeTests.swift in Sources */ = {isa = PBXBuildFile; fileRef = 65CCFAC82014115400D0FD2A /* MemeMeTests.swift */; };
		65CCFAD42014115400D0FD2A /* MemeMeUITests.swift in Sources */ = {isa = PBXBuildFile; fileRef = 65CCFAD32014115400D0FD2A /* MemeMeUITests.swift */; };
		65CCFAE3201411FE00D0FD2A /* ImagePickerExtensions.swift in Sources */ = {isa = PBXBuildFile; fileRef = 65CCFAE2201411FE00D0FD2A /* ImagePickerExtensions.swift */; };
		65CCFAE52014121F00D0FD2A /* TextFieldExtensions.swift in Sources */ = {isa = PBXBuildFile; fileRef = 65CCFAE42014121F00D0FD2A /* TextFieldExtensions.swift */; };
		65CCFAE72014123B00D0FD2A /* Meme.swift in Sources */ = {isa = PBXBuildFile; fileRef = 65CCFAE62014123B00D0FD2A /* Meme.swift */; };
/* End PBXBuildFile section */

/* Begin PBXContainerItemProxy section */
		65CCFAC52014115400D0FD2A /* PBXContainerItemProxy */ = {
			isa = PBXContainerItemProxy;
			containerPortal = 65CCFAA82014115400D0FD2A /* Project object */;
			proxyType = 1;
			remoteGlobalIDString = 65CCFAAF2014115400D0FD2A;
			remoteInfo = MemeMe;
		};
		65CCFAD02014115400D0FD2A /* PBXContainerItemProxy */ = {
			isa = PBXContainerItemProxy;
			containerPortal = 65CCFAA82014115400D0FD2A /* Project object */;
			proxyType = 1;
			remoteGlobalIDString = 65CCFAAF2014115400D0FD2A;
			remoteInfo = MemeMe;
		};
/* End PBXContainerItemProxy section */

/* Begin PBXFileReference section */
		65CCFAB02014115400D0FD2A /* MemeMe.app */ = {isa = PBXFileReference; explicitFileType = wrapper.application; includeInIndex = 0; path = MemeMe.app; sourceTree = BUILT_PRODUCTS_DIR; };
		65CCFAB32014115400D0FD2A /* AppDelegate.swift */ = {isa = PBXFileReference; lastKnownFileType = sourcecode.swift; path = AppDelegate.swift; sourceTree = "<group>"; };
		65CCFAB52014115400D0FD2A /* MemeEditorViewController.swift */ = {isa = PBXFileReference; lastKnownFileType = sourcecode.swift; path = MemeEditorViewController.swift; sourceTree = "<group>"; };
		65CCFAB82014115400D0FD2A /* Base */ = {isa = PBXFileReference; lastKnownFileType = file.storyboard; name = Base; path = Base.lproj/Main.storyboard; sourceTree = "<group>"; };
		65CCFABA2014115400D0FD2A /* Assets.xcassets */ = {isa = PBXFileReference; lastKnownFileType = folder.assetcatalog; path = Assets.xcassets; sourceTree = "<group>"; };
		65CCFABD2014115400D0FD2A /* Base */ = {isa = PBXFileReference; lastKnownFileType = file.storyboard; name = Base; path = Base.lproj/LaunchScreen.storyboard; sourceTree = "<group>"; };
		65CCFABF2014115400D0FD2A /* Info.plist */ = {isa = PBXFileReference; lastKnownFileType = text.plist.xml; path = Info.plist; sourceTree = "<group>"; };
		65CCFAC42014115400D0FD2A /* MemeMeTests.xctest */ = {isa = PBXFileReference; explicitFileType = wrapper.cfbundle; includeInIndex = 0; path = MemeMeTests.xctest; sourceTree = BUILT_PRODUCTS_DIR; };
		65CCFAC82014115400D0FD2A /* MemeMeTests.swift */ = {isa = PBXFileReference; lastKnownFileType = sourcecode.swift; path = MemeMeTests.swift; sourceTree = "<group>"; };
		65CCFACA2014115400D0FD2A /* Info.plist */ = {isa = PBXFileReference; lastKnownFileType = text.plist.xml; path = Info.plist; sourceTree = "<group>"; };
		65CCFACF2014115400D0FD2A /* MemeMeUITests.xctest */ = {isa = PBXFileReference; explicitFileType = wrapper.cfbundle; includeInIndex = 0; path = MemeMeUITests.xctest; sourceTree = BUILT_PRODUCTS_DIR; };
		65CCFAD32014115400D0FD2A /* MemeMeUITests.swift */ = {isa = PBXFileReference; lastKnownFileType = sourcecode.swift; path = MemeMeUITests.swift; sourceTree = "<group>"; };
		65CCFAD52014115400D0FD2A /* Info.plist */ = {isa = PBXFileReference; lastKnownFileType = text.plist.xml; path = Info.plist; sourceTree = "<group>"; };
		65CCFAE2201411FE00D0FD2A /* ImagePickerExtensions.swift */ = {isa = PBXFileReference; lastKnownFileType = sourcecode.swift; path = ImagePickerExtensions.swift; sourceTree = "<group>"; };
		65CCFAE42014121F00D0FD2A /* TextFieldExtensions.swift */ = {isa = PBXFileReference; lastKnownFileType = sourcecode.swift; path = TextFieldExtensions.swift; sourceTree = "<group>"; };
		65CCFAE62014123B00D0FD2A /* Meme.swift */ = {isa = PBXFileReference; lastKnownFileType = sourcecode.swift; path = Meme.swift; sourceTree = "<group>"; };
/* End PBXFileReference section */

/* Begin PBXFrameworksBuildPhase section */
		65CCFAAD2014115400D0FD2A /* Frameworks */ = {
			isa = PBXFrameworksBuildPhase;
			buildActionMask = 2147483647;
			files = (
			);
			runOnlyForDeploymentPostprocessing = 0;
		};
		65CCFAC12014115400D0FD2A /* Frameworks */ = {
			isa = PBXFrameworksBuildPhase;
			buildActionMask = 2147483647;
			files = (
			);
			runOnlyForDeploymentPostprocessing = 0;
		};
		65CCFACC2014115400D0FD2A /* Frameworks */ = {
			isa = PBXFrameworksBuildPhase;
			buildActionMask = 2147483647;
			files = (
			);
			runOnlyForDeploymentPostprocessing = 0;
		};
/* End PBXFrameworksBuildPhase section */

/* Begin PBXGroup section */
		65CCFAA72014115400D0FD2A = {
			isa = PBXGroup;
			children = (
				65CCFAB22014115400D0FD2A /* MemeMe */,
				65CCFAC72014115400D0FD2A /* MemeMeTests */,
				65CCFAD22014115400D0FD2A /* MemeMeUITests */,
				65CCFAB12014115400D0FD2A /* Products */,
			);
			sourceTree = "<group>";
		};
		65CCFAB12014115400D0FD2A /* Products */ = {
			isa = PBXGroup;
			children = (
				65CCFAB02014115400D0FD2A /* MemeMe.app */,
				65CCFAC42014115400D0FD2A /* MemeMeTests.xctest */,
				65CCFACF2014115400D0FD2A /* MemeMeUITests.xctest */,
			);
			name = Products;
			sourceTree = "<group>";
		};
		65CCFAB22014115400D0FD2A /* MemeMe */ = {
			isa = PBXGroup;
			children = (
				65CCFAB32014115400D0FD2A /* AppDelegate.swift */,
				65CCFAB52014115400D0FD2A /* MemeEditorViewController.swift */,
				65CCFAE1201411BB00D0FD2A /* MemeEditorVC Extensions */,
				65CCFAE62014123B00D0FD2A /* Meme.swift */,
				65CCFAB72014115400D0FD2A /* Main.storyboard */,
				65CCFABA2014115400D0FD2A /* Assets.xcassets */,
				65CCFABC2014115400D0FD2A /* LaunchScreen.storyboard */,
				65CCFABF2014115400D0FD2A /* Info.plist */,
			);
			path = MemeMe;
			sourceTree = "<group>";
		};
		65CCFAC72014115400D0FD2A /* MemeMeTests */ = {
			isa = PBXGroup;
			children = (
				65CCFAC82014115400D0FD2A /* MemeMeTests.swift */,
				65CCFACA2014115400D0FD2A /* Info.plist */,
			);
			path = MemeMeTests;
			sourceTree = "<group>";
		};
		65CCFAD22014115400D0FD2A /* MemeMeUITests */ = {
			isa = PBXGroup;
			children = (
				65CCFAD32014115400D0FD2A /* MemeMeUITests.swift */,
				65CCFAD52014115400D0FD2A /* Info.plist */,
			);
			path = MemeMeUITests;
			sourceTree = "<group>";
		};
		65CCFAE1201411BB00D0FD2A /* MemeEditorVC Extensions */ = {
			isa = PBXGroup;
			children = (
				65CCFAE2201411FE00D0FD2A /* ImagePickerExtensions.swift */,
				65CCFAE42014121F00D0FD2A /* TextFieldExtensions.swift */,
			);
			path = "MemeEditorVC Extensions";
			sourceTree = "<group>";
		};
/* End PBXGroup section */

/* Begin PBXNativeTarget section */
		65CCFAAF2014115400D0FD2A /* MemeMe */ = {
			isa = PBXNativeTarget;
			buildConfigurationList = 65CCFAD82014115400D0FD2A /* Build configuration list for PBXNativeTarget "MemeMe" */;
			buildPhases = (
				65CCFAAC2014115400D0FD2A /* Sources */,
				65CCFAAD2014115400D0FD2A /* Frameworks */,
				65CCFAAE2014115400D0FD2A /* Resources */,
			);
			buildRules = (
			);
			dependencies = (
			);
			name = MemeMe;
			productName = MemeMe;
			productReference = 65CCFAB02014115400D0FD2A /* MemeMe.app */;
			productType = "com.apple.product-type.application";
		};
		65CCFAC32014115400D0FD2A /* MemeMeTests */ = {
			isa = PBXNativeTarget;
			buildConfigurationList = 65CCFADB2014115400D0FD2A /* Build configuration list for PBXNativeTarget "MemeMeTests" */;
			buildPhases = (
				65CCFAC02014115400D0FD2A /* Sources */,
				65CCFAC12014115400D0FD2A /* Frameworks */,
				65CCFAC22014115400D0FD2A /* Resources */,
			);
			buildRules = (
			);
			dependencies = (
				65CCFAC62014115400D0FD2A /* PBXTargetDependency */,
			);
			name = MemeMeTests;
			productName = MemeMeTests;
			productReference = 65CCFAC42014115400D0FD2A /* MemeMeTests.xctest */;
			productType = "com.apple.product-type.bundle.unit-test";
		};
		65CCFACE2014115400D0FD2A /* MemeMeUITests */ = {
			isa = PBXNativeTarget;
			buildConfigurationList = 65CCFADE2014115400D0FD2A /* Build configuration list for PBXNativeTarget "MemeMeUITests" */;
			buildPhases = (
				65CCFACB2014115400D0FD2A /* Sources */,
				65CCFACC2014115400D0FD2A /* Frameworks */,
				65CCFACD2014115400D0FD2A /* Resources */,
			);
			buildRules = (
			);
			dependencies = (
				65CCFAD12014115400D0FD2A /* PBXTargetDependency */,
			);
			name = MemeMeUITests;
			productName = MemeMeUITests;
			productReference = 65CCFACF2014115400D0FD2A /* MemeMeUITests.xctest */;
			productType = "com.apple.product-type.bundle.ui-testing";
		};
/* End PBXNativeTarget section */

/* Begin PBXProject section */
		65CCFAA82014115400D0FD2A /* Project object */ = {
			isa = PBXProject;
			attributes = {
				LastSwiftUpdateCheck = 0920;
				LastUpgradeCheck = 0920;
				ORGANIZATIONNAME = "Vineet Joshi";
				TargetAttributes = {
					65CCFAAF2014115400D0FD2A = {
						CreatedOnToolsVersion = 9.2;
						ProvisioningStyle = Automatic;
					};
					65CCFAC32014115400D0FD2A = {
						CreatedOnToolsVersion = 9.2;
						ProvisioningStyle = Automatic;
						TestTargetID = 65CCFAAF2014115400D0FD2A;
					};
					65CCFACE2014115400D0FD2A = {
						CreatedOnToolsVersion = 9.2;
						ProvisioningStyle = Automatic;
						TestTargetID = 65CCFAAF2014115400D0FD2A;
					};
				};
			};
			buildConfigurationList = 65CCFAAB2014115400D0FD2A /* Build configuration list for PBXProject "MemeMe" */;
			compatibilityVersion = "Xcode 8.0";
			developmentRegion = en;
			hasScannedForEncodings = 0;
			knownRegions = (
				en,
				Base,
			);
			mainGroup = 65CCFAA72014115400D0FD2A;
			productRefGroup = 65CCFAB12014115400D0FD2A /* Products */;
			projectDirPath = "";
			projectRoot = "";
			targets = (
				65CCFAAF2014115400D0FD2A /* MemeMe */,
				65CCFAC32014115400D0FD2A /* MemeMeTests */,
				65CCFACE2014115400D0FD2A /* MemeMeUITests */,
			);
		};
/* End PBXProject section */

/* Begin PBXResourcesBuildPhase section */
		65CCFAAE2014115400D0FD2A /* Resources */ = {
			isa = PBXResourcesBuildPhase;
			buildActionMask = 2147483647;
			files = (
				65CCFABE2014115400D0FD2A /* LaunchScreen.storyboard in Resources */,
				65CCFABB2014115400D0FD2A /* Assets.xcassets in Resources */,
				65CCFAB92014115400D0FD2A /* Main.storyboard in Resources */,
			);
			runOnlyForDeploymentPostprocessing = 0;
		};
		65CCFAC22014115400D0FD2A /* Resources */ = {
			isa = PBXResourcesBuildPhase;
			buildActionMask = 2147483647;
			files = (
			);
			runOnlyForDeploymentPostprocessing = 0;
		};
		65CCFACD2014115400D0FD2A /* Resources */ = {
			isa = PBXResourcesBuildPhase;
			buildActionMask = 2147483647;
			files = (
			);
			runOnlyForDeploymentPostprocessing = 0;
		};
/* End PBXResourcesBuildPhase section */

/* Begin PBXSourcesBuildPhase section */
		65CCFAAC2014115400D0FD2A /* Sources */ = {
			isa = PBXSourcesBuildPhase;
			buildActionMask = 2147483647;
			files = (
				65CCFAB62014115400D0FD2A /* MemeEditorViewController.swift in Sources */,
				65CCFAE52014121F00D0FD2A /* TextFieldExtensions.swift in Sources */,
				65CCFAB42014115400D0FD2A /* AppDelegate.swift in Sources */,
				65CCFAE3201411FE00D0FD2A /* ImagePickerExtensions.swift in Sources */,
				65CCFAE72014123B00D0FD2A /* Meme.swift in Sources */,
			);
			runOnlyForDeploymentPostprocessing = 0;
		};
		65CCFAC02014115400D0FD2A /* Sources */ = {
			isa = PBXSourcesBuildPhase;
			buildActionMask = 2147483647;
			files = (
				65CCFAC92014115400D0FD2A /* MemeMeTests.swift in Sources */,
			);
			runOnlyForDeploymentPostprocessing = 0;
		};
		65CCFACB2014115400D0FD2A /* Sources */ = {
			isa = PBXSourcesBuildPhase;
			buildActionMask = 2147483647;
			files = (
				65CCFAD42014115400D0FD2A /* MemeMeUITests.swift in Sources */,
			);
			runOnlyForDeploymentPostprocessing = 0;
		};
/* End PBXSourcesBuildPhase section */

/* Begin PBXTargetDependency section */
		65CCFAC62014115400D0FD2A /* PBXTargetDependency */ = {
			isa = PBXTargetDependency;
			target = 65CCFAAF2014115400D0FD2A /* MemeMe */;
			targetProxy = 65CCFAC52014115400D0FD2A /* PBXContainerItemProxy */;
		};
		65CCFAD12014115400D0FD2A /* PBXTargetDependency */ = {
			isa = PBXTargetDependency;
			target = 65CCFAAF2014115400D0FD2A /* MemeMe */;
			targetProxy = 65CCFAD02014115400D0FD2A /* PBXContainerItemProxy */;
		};
/* End PBXTargetDependency section */

/* Begin PBXVariantGroup section */
		65CCFAB72014115400D0FD2A /* Main.storyboard */ = {
			isa = PBXVariantGroup;
			children = (
				65CCFAB82014115400D0FD2A /* Base */,
			);
			name = Main.storyboard;
			sourceTree = "<group>";
		};
		65CCFABC2014115400D0FD2A /* LaunchScreen.storyboard */ = {
			isa = PBXVariantGroup;
			children = (
				65CCFABD2014115400D0FD2A /* Base */,
			);
			name = LaunchScreen.storyboard;
			sourceTree = "<group>";
		};
/* End PBXVariantGroup section */

/* Begin XCBuildConfiguration section */
		65CCFAD62014115400D0FD2A /* Debug */ = {
			isa = XCBuildConfiguration;
			buildSettings = {
				ALWAYS_SEARCH_USER_PATHS = NO;
				CLANG_ANALYZER_NONNULL = YES;
				CLANG_ANALYZER_NUMBER_OBJECT_CONVERSION = YES_AGGRESSIVE;
				CLANG_CXX_LANGUAGE_STANDARD = "gnu++14";
				CLANG_CXX_LIBRARY = "libc++";
				CLANG_ENABLE_MODULES = YES;
				CLANG_ENABLE_OBJC_ARC = YES;
				CLANG_WARN_BLOCK_CAPTURE_AUTORELEASING = YES;
				CLANG_WARN_BOOL_CONVERSION = YES;
				CLANG_WARN_COMMA = YES;
				CLANG_WARN_CONSTANT_CONVERSION = YES;
				CLANG_WARN_DIRECT_OBJC_ISA_USAGE = YES_ERROR;
				CLANG_WARN_DOCUMENTATION_COMMENTS = YES;
				CLANG_WARN_EMPTY_BODY = YES;
				CLANG_WARN_ENUM_CONVERSION = YES;
				CLANG_WARN_INFINITE_RECURSION = YES;
				CLANG_WARN_INT_CONVERSION = YES;
				CLANG_WARN_NON_LITERAL_NULL_CONVERSION = YES;
				CLANG_WARN_OBJC_LITERAL_CONVERSION = YES;
				CLANG_WARN_OBJC_ROOT_CLASS = YES_ERROR;
				CLANG_WARN_RANGE_LOOP_ANALYSIS = YES;
				CLANG_WARN_STRICT_PROTOTYPES = YES;
				CLANG_WARN_SUSPICIOUS_MOVE = YES;
				CLANG_WARN_UNGUARDED_AVAILABILITY = YES_AGGRESSIVE;
				CLANG_WARN_UNREACHABLE_CODE = YES;
				CLANG_WARN__DUPLICATE_METHOD_MATCH = YES;
				CODE_SIGN_IDENTITY = "iPhone Developer";
				COPY_PHASE_STRIP = NO;
				DEBUG_INFORMATION_FORMAT = dwarf;
				ENABLE_STRICT_OBJC_MSGSEND = YES;
				ENABLE_TESTABILITY = YES;
				GCC_C_LANGUAGE_STANDARD = gnu11;
				GCC_DYNAMIC_NO_PIC = NO;
				GCC_NO_COMMON_BLOCKS = YES;
				GCC_OPTIMIZATION_LEVEL = 0;
				GCC_PREPROCESSOR_DEFINITIONS = (
					"DEBUG=1",
					"$(inherited)",
				);
				GCC_WARN_64_TO_32_BIT_CONVERSION = YES;
				GCC_WARN_ABOUT_RETURN_TYPE = YES_ERROR;
				GCC_WARN_UNDECLARED_SELECTOR = YES;
				GCC_WARN_UNINITIALIZED_AUTOS = YES_AGGRESSIVE;
				GCC_WARN_UNUSED_FUNCTION = YES;
				GCC_WARN_UNUSED_VARIABLE = YES;
				IPHONEOS_DEPLOYMENT_TARGET = 11.2;
				MTL_ENABLE_DEBUG_INFO = YES;
				ONLY_ACTIVE_ARCH = YES;
				SDKROOT = iphoneos;
				SWIFT_ACTIVE_COMPILATION_CONDITIONS = DEBUG;
				SWIFT_OPTIMIZATION_LEVEL = "-Onone";
			};
			name = Debug;
		};
		65CCFAD72014115400D0FD2A /* Release */ = {
			isa = XCBuildConfiguration;
			buildSettings = {
				ALWAYS_SEARCH_USER_PATHS = NO;
				CLANG_ANALYZER_NONNULL = YES;
				CLANG_ANALYZER_NUMBER_OBJECT_CONVERSION = YES_AGGRESSIVE;
				CLANG_CXX_LANGUAGE_STANDARD = "gnu++14";
				CLANG_CXX_LIBRARY = "libc++";
				CLANG_ENABLE_MODULES = YES;
				CLANG_ENABLE_OBJC_ARC = YES;
				CLANG_WARN_BLOCK_CAPTURE_AUTORELEASING = YES;
				CLANG_WARN_BOOL_CONVERSION = YES;
				CLANG_WARN_COMMA = YES;
				CLANG_WARN_CONSTANT_CONVERSION = YES;
				CLANG_WARN_DIRECT_OBJC_ISA_USAGE = YES_ERROR;
				CLANG_WARN_DOCUMENTATION_COMMENTS = YES;
				CLANG_WARN_EMPTY_BODY = YES;
				CLANG_WARN_ENUM_CONVERSION = YES;
				CLANG_WARN_INFINITE_RECURSION = YES;
				CLANG_WARN_INT_CONVERSION = YES;
				CLANG_WARN_NON_LITERAL_NULL_CONVERSION = YES;
				CLANG_WARN_OBJC_LITERAL_CONVERSION = YES;
				CLANG_WARN_OBJC_ROOT_CLASS = YES_ERROR;
				CLANG_WARN_RANGE_LOOP_ANALYSIS = YES;
				CLANG_WARN_STRICT_PROTOTYPES = YES;
				CLANG_WARN_SUSPICIOUS_MOVE = YES;
				CLANG_WARN_UNGUARDED_AVAILABILITY = YES_AGGRESSIVE;
				CLANG_WARN_UNREACHABLE_CODE = YES;
				CLANG_WARN__DUPLICATE_METHOD_MATCH = YES;
				CODE_SIGN_IDENTITY = "iPhone Developer";
				COPY_PHASE_STRIP = NO;
				DEBUG_INFORMATION_FORMAT = "dwarf-with-dsym";
				ENABLE_NS_ASSERTIONS = NO;
				ENABLE_STRICT_OBJC_MSGSEND = YES;
				GCC_C_LANGUAGE_STANDARD = gnu11;
				GCC_NO_COMMON_BLOCKS = YES;
				GCC_WARN_64_TO_32_BIT_CONVERSION = YES;
				GCC_WARN_ABOUT_RETURN_TYPE = YES_ERROR;
				GCC_WARN_UNDECLARED_SELECTOR = YES;
				GCC_WARN_UNINITIALIZED_AUTOS = YES_AGGRESSIVE;
				GCC_WARN_UNUSED_FUNCTION = YES;
				GCC_WARN_UNUSED_VARIABLE = YES;
				IPHONEOS_DEPLOYMENT_TARGET = 11.2;
				MTL_ENABLE_DEBUG_INFO = NO;
				SDKROOT = iphoneos;
				SWIFT_OPTIMIZATION_LEVEL = "-Owholemodule";
				VALIDATE_PRODUCT = YES;
			};
			name = Release;
		};
		65CCFAD92014115400D0FD2A /* Debug */ = {
			isa = XCBuildConfiguration;
			buildSettings = {
				ASSETCATALOG_COMPILER_APPICON_NAME = AppIcon;
				CODE_SIGN_STYLE = Automatic;
				DEVELOPMENT_TEAM = C9R438Z887;
				INFOPLIST_FILE = MemeMe/Info.plist;
				LD_RUNPATH_SEARCH_PATHS = "$(inherited) @executable_path/Frameworks";
				PRODUCT_BUNDLE_IDENTIFIER = vineet0713.MemeMe;
				PRODUCT_NAME = "$(TARGET_NAME)";
				SWIFT_VERSION = 4.0;
				TARGETED_DEVICE_FAMILY = "1,2";
			};
			name = Debug;
		};
		65CCFADA2014115400D0FD2A /* Release */ = {
			isa = XCBuildConfiguration;
			buildSettings = {
				ASSETCATALOG_COMPILER_APPICON_NAME = AppIcon;
				CODE_SIGN_STYLE = Automatic;
				DEVELOPMENT_TEAM = C9R438Z887;
				INFOPLIST_FILE = MemeMe/Info.plist;
				LD_RUNPATH_SEARCH_PATHS = "$(inherited) @executable_path/Frameworks";
				PRODUCT_BUNDLE_IDENTIFIER = vineet0713.MemeMe;
				PRODUCT_NAME = "$(TARGET_NAME)";
				SWIFT_VERSION = 4.0;
				TARGETED_DEVICE_FAMILY = "1,2";
			};
			name = Release;
		};
		65CCFADC2014115400D0FD2A /* Debug */ = {
			isa = XCBuildConfiguration;
			buildSettings = {
				ALWAYS_EMBED_SWIFT_STANDARD_LIBRARIES = YES;
				BUNDLE_LOADER = "$(TEST_HOST)";
				CODE_SIGN_STYLE = Automatic;
				DEVELOPMENT_TEAM = C9R438Z887;
				INFOPLIST_FILE = MemeMeTests/Info.plist;
				LD_RUNPATH_SEARCH_PATHS = "$(inherited) @executable_path/Frameworks @loader_path/Frameworks";
				PRODUCT_BUNDLE_IDENTIFIER = vineet0713.MemeMeTests;
				PRODUCT_NAME = "$(TARGET_NAME)";
				SWIFT_VERSION = 4.0;
				TARGETED_DEVICE_FAMILY = "1,2";
				TEST_HOST = "$(BUILT_PRODUCTS_DIR)/MemeMe.app/MemeMe";
			};
			name = Debug;
		};
		65CCFADD2014115400D0FD2A /* Release */ = {
			isa = XCBuildConfiguration;
			buildSettings = {
				ALWAYS_EMBED_SWIFT_STANDARD_LIBRARIES = YES;
				BUNDLE_LOADER = "$(TEST_HOST)";
				CODE_SIGN_STYLE = Automatic;
				DEVELOPMENT_TEAM = C9R438Z887;
				INFOPLIST_FILE = MemeMeTests/Info.plist;
				LD_RUNPATH_SEARCH_PATHS = "$(inherited) @executable_path/Frameworks @loader_path/Frameworks";
				PRODUCT_BUNDLE_IDENTIFIER = vineet0713.MemeMeTests;
				PRODUCT_NAME = "$(TARGET_NAME)";
				SWIFT_VERSION = 4.0;
				TARGETED_DEVICE_FAMILY = "1,2";
				TEST_HOST = "$(BUILT_PRODUCTS_DIR)/MemeMe.app/MemeMe";
			};
			name = Release;
		};
		65CCFADF2014115400D0FD2A /* Debug */ = {
			isa = XCBuildConfiguration;
			buildSettings = {
				ALWAYS_EMBED_SWIFT_STANDARD_LIBRARIES = YES;
				CODE_SIGN_STYLE = Automatic;
				DEVELOPMENT_TEAM = C9R438Z887;
				INFOPLIST_FILE = MemeMeUITests/Info.plist;
				LD_RUNPATH_SEARCH_PATHS = "$(inherited) @executable_path/Frameworks @loader_path/Frameworks";
				PRODUCT_BUNDLE_IDENTIFIER = vineet0713.MemeMeUITests;
				PRODUCT_NAME = "$(TARGET_NAME)";
				SWIFT_VERSION = 4.0;
				TARGETED_DEVICE_FAMILY = "1,2";
				TEST_TARGET_NAME = MemeMe;
			};
			name = Debug;
		};
		65CCFAE02014115400D0FD2A /* Release */ = {
			isa = XCBuildConfiguration;
			buildSettings = {
				ALWAYS_EMBED_SWIFT_STANDARD_LIBRARIES = YES;
				CODE_SIGN_STYLE = Automatic;
				DEVELOPMENT_TEAM = C9R438Z887;
				INFOPLIST_FILE = MemeMeUITests/Info.plist;
				LD_RUNPATH_SEARCH_PATHS = "$(inherited) @executable_path/Frameworks @loader_path/Frameworks";
				PRODUCT_BUNDLE_IDENTIFIER = vineet0713.MemeMeUITests;
				PRODUCT_NAME = "$(TARGET_NAME)";
				SWIFT_VERSION = 4.0;
				TARGETED_DEVICE_FAMILY = "1,2";
				TEST_TARGET_NAME = MemeMe;
			};
			name = Release;
		};
/* End XCBuildConfiguration section */

/* Begin XCConfigurationList section */
		65CCFAAB2014115400D0FD2A /* Build configuration list for PBXProject "MemeMe" */ = {
			isa = XCConfigurationList;
			buildConfigurations = (
				65CCFAD62014115400D0FD2A /* Debug */,
				65CCFAD72014115400D0FD2A /* Release */,
			);
			defaultConfigurationIsVisible = 0;
			defaultConfigurationName = Release;
		};
		65CCFAD82014115400D0FD2A /* Build configuration list for PBXNativeTarget "MemeMe" */ = {
			isa = XCConfigurationList;
			buildConfigurations = (
				65CCFAD92014115400D0FD2A /* Debug */,
				65CCFADA2014115400D0FD2A /* Release */,
			);
			defaultConfigurationIsVisible = 0;
			defaultConfigurationName = Release;
		};
		65CCFADB2014115400D0FD2A /* Build configuration list for PBXNativeTarget "MemeMeTests" */ = {
			isa = XCConfigurationList;
			buildConfigurations = (
				65CCFADC2014115400D0FD2A /* Debug */,
				65CCFADD2014115400D0FD2A /* Release */,
			);
			defaultConfigurationIsVisible = 0;
			defaultConfigurationName = Release;
		};
		65CCFADE2014115400D0FD2A /* Build configuration list for PBXNativeTarget "MemeMeUITests" */ = {
			isa = XCConfigurationList;
			buildConfigurations = (
				65CCFADF2014115400D0FD2A /* Debug */,
				65CCFAE02014115400D0FD2A /* Release */,
			);
			defaultConfigurationIsVisible = 0;
			defaultConfigurationName = Release;
		};
/* End XCConfigurationList section */
	};
	rootObject = 65CCFAA82014115400D0FD2A /* Project object */;
}
